name: "Update flake.lock"

# Weekly: bump the flake inputs (nixpkgs etc.), rebuild the FULL check set, and
# only commit flake.lock if everything still builds and every module still
# evaluates.
on:
  schedule:
    - cron: "0 5 * * 1"
  workflow_dispatch:

jobs:
  lockfile:
    runs-on: ubuntu-latest
    # ~6 minutes when healthy. Caps the 360-minute GitHub default so a hung
    # eval (two nix-eval-jobs workers can deadlock unpacking flake inputs into
    # the same git cache) fails fast instead of burning six runner-hours. A
    # timeout counts as failure, so the nix-checks action's `if: failure()`
    # diagnostics still capture the stuck state; a manual cancel would not.
    # This job runs `nix flake update` first, so every input is refetched and
    # it is the most exposed of the four.
    timeout-minutes: 30
    permissions:
      contents: write
    steps:
      - name: Checkout repository
        uses: actions/checkout@v7

      - name: Update inputs + run flake checks
        uses: ./.github/actions/nix-checks
        with:
          pre-build-command: "nix flake update"

      - name: Commit flake.lock
        if: ${{ success() }}
        uses: stefanzweifel/git-auto-commit-action@v7
        with:
          commit_message: "chore: update flake.lock"
          file_pattern: "flake.lock"
